
Microsoft Visual Studio Solution File, Format Version 12.00
# Visual Studio Version 17
VisualStudioVersion = 17.11.35222.181
MinimumVisualStudioVersion = 10.0.40219.1
Project("{9A19103F-16F7-4668-BE54-9A1E7A4F7556}") = "CandidateManagement_Monday_Slot02", "..\CandidateManagement_Monday_Slot02\CandidateManagement_Monday_Slot02\CandidateManagement_Monday_Slot02.csproj", "{5FE9CCEA-A7A2-4ACB-B1B9-8461253D0B11}"
EndProject
Project("{9A19103F-16F7-4668-BE54-9A1E7A4F7556}") = "Candidate_DAOs", "..\CandidateManagement_Monday_Slot02\Candidate_DAOs\Candidate_DAOs.csproj", "{6BDB2301-5FC7-48AB-9204-933CE8A3D048}"
EndProject
Project("{9A19103F-16F7-4668-BE54-9A1E7A4F7556}") = "Candidate_Repos", "..\CandidateManagement_Monday_Slot02\Candidate_Repos\Candidate_Repos.csproj", "{52CDA731-DAD3-4A98-82D5-9B3200BAB249}"
EndProject
Project("{9A19103F-16F7-4668-BE54-9A1E7A4F7556}") = "Candidate_Services", "..\CandidateManagement_Monday_Slot02\Candidate_Services\Candidate_Services.csproj", "{7285631F-9395-4C7A-AB0A-411448F401DC}"
EndProject
Project("{9A19103F-16F7-4668-BE54-9A1E7A4F7556}") = "Candidate_BusinessObjects", "..\CandidateManagement_Monday_Slot02\Candidate_BusinessObjects\Candidate_BusinessObjects.csproj", "{8957226E-F52E-4509-8A33-60A9E45B86F4}"
EndProject
Global
	GlobalSection(SolutionConfigurationPlatforms) = preSolution
		Debug|Any CPU = Debug|Any CPU
		Release|Any CPU = Release|Any CPU
	EndGlobalSection
	GlobalSection(ProjectConfigurationPlatforms) = postSolution
		{5FE9CCEA-A7A2-4ACB-B1B9-8461253D0B11}.Debug|Any CPU.ActiveCfg = Debug|Any CPU
		{5FE9CCEA-A7A2-4ACB-B1B9-8461253D0B11}.Debug|Any CPU.Build.0 = Debug|Any CPU
		{5FE9CCEA-A7A2-4ACB-B1B9-8461253D0B11}.Release|Any CPU.ActiveCfg = Release|Any CPU
		{5FE9CCEA-A7A2-4ACB-B1B9-8461253D0B11}.Release|Any CPU.Build.0 = Release|Any CPU
		{6BDB2301-5FC7-48AB-9204-933CE8A3D048}.Debug|Any CPU.ActiveCfg = Debug|Any CPU
		{6BDB2301-5FC7-48AB-9204-933CE8A3D048}.Debug|Any CPU.Build.0 = Debug|Any CPU
		{6BDB2301-5FC7-48AB-9204-933CE8A3D048}.Release|Any CPU.ActiveCfg = Release|Any CPU
		{6BDB2301-5FC7-48AB-9204-933CE8A3D048}.Release|Any CPU.Build.0 = Release|Any CPU
		{52CDA731-DAD3-4A98-82D5-9B3200BAB249}.Debug|Any CPU.ActiveCfg = Debug|Any CPU
		{52CDA731-DAD3-4A98-82D5-9B3200BAB249}.Debug|Any CPU.Build.0 = Debug|Any CPU
		{52CDA731-DAD3-4A98-82D5-9B3200BAB249}.Release|Any CPU.ActiveCfg = Release|Any CPU
		{52CDA731-DAD3-4A98-82D5-9B3200BAB249}.Release|Any CPU.Build.0 = Release|Any CPU
		{7285631F-9395-4C7A-AB0A-411448F401DC}.Debug|Any CPU.ActiveCfg = Debug|Any CPU
		{7285631F-9395-4C7A-AB0A-411448F401DC}.Debug|Any CPU.Build.0 = Debug|Any CPU
		{7285631F-9395-4C7A-AB0A-411448F401DC}.Release|Any CPU.ActiveCfg = Release|Any CPU
		{7285631F-9395-4C7A-AB0A-411448F401DC}.Release|Any CPU.Build.0 = Release|Any CPU
		{8957226E-F52E-4509-8A33-60A9E45B86F4}.Debug|Any CPU.ActiveCfg = Debug|Any CPU
		{8957226E-F52E-4509-8A33-60A9E45B86F4}.Debug|Any CPU.Build.0 = Debug|Any CPU
		{8957226E-F52E-4509-8A33-60A9E45B86F4}.Release|Any CPU.ActiveCfg = Release|Any CPU
		{8957226E-F52E-4509-8A33-60A9E45B86F4}.Release|Any CPU.Build.0 = Release|Any CPU
	EndGlobalSection
	GlobalSection(SolutionProperties) = preSolution
		HideSolutionNode = FALSE
	EndGlobalSection
	GlobalSection(ExtensibilityGlobals) = postSolution
		SolutionGuid = {0A92D410-C806-4D93-B49C-7F8A64ACCB1A}
	EndGlobalSection
EndGlobal
